
Microsoft Visual Studio Solution File, Format Version 12.00
# Visual Studio Version 17
VisualStudioVersion = 17.3.32825.248
MinimumVisualStudioVersion = 10.0.40219.1
Project("{FAE04EC0-301F-11D3-BF4B-00C04F79EFBC}") = "AreaRet_Lista1", "AreaRet_Lista1\AreaRet_Lista1.csproj", "{22F00288-1CD8-4245-9ECD-84781FFCBC89}"
EndProject
Global
	GlobalSection(SolutionConfigurationPlatforms) = preSolution
		Debug|Any CPU = Debug|Any CPU
		Release|Any CPU = Release|Any CPU
	EndGlobalSection
	GlobalSection(ProjectConfigurationPlatforms) = postSolution
		{22F00288-1CD8-4245-9ECD-84781FFCBC89}.Debug|Any CPU.ActiveCfg = Debug|Any CPU
		{22F00288-1CD8-4245-9ECD-84781FFCBC89}.Debug|Any CPU.Build.0 = Debug|Any CPU
		{22F00288-1CD8-4245-9ECD-84781FFCBC89}.Release|Any CPU.ActiveCfg = Release|Any CPU
		{22F00288-1CD8-4245-9ECD-84781FFCBC89}.Release|Any CPU.Build.0 = Release|Any CPU
	EndGlobalSection
	GlobalSection(SolutionProperties) = preSolution
		HideSolutionNode = FALSE
	EndGlobalSection
	GlobalSection(ExtensibilityGlobals) = postSolution
		SolutionGuid = {6765CC84-3204-43EA-BD37-12DC5C454B40}
	EndGlobalSection
EndGlobal
