
Microsoft Visual Studio Solution File, Format Version 12.00
# Visual Studio Version 17
VisualStudioVersion = 17.3.32825.248
MinimumVisualStudioVersion = 10.0.40219.1
Project("{FAE04EC0-301F-11D3-BF4B-00C04F79EFBC}") = "Exercicio6", "Exercicio6\Exercicio6.csproj", "{730A8274-7A69-49A8-9A13-6AB193A1A204}"
EndProject
Global
	GlobalSection(SolutionConfigurationPlatforms) = preSolution
		Debug|Any CPU = Debug|Any CPU
		Release|Any CPU = Release|Any CPU
	EndGlobalSection
	GlobalSection(ProjectConfigurationPlatforms) = postSolution
		{730A8274-7A69-49A8-9A13-6AB193A1A204}.Debug|Any CPU.ActiveCfg = Debug|Any CPU
		{730A8274-7A69-49A8-9A13-6AB193A1A204}.Debug|Any CPU.Build.0 = Debug|Any CPU
		{730A8274-7A69-49A8-9A13-6AB193A1A204}.Release|Any CPU.ActiveCfg = Release|Any CPU
		{730A8274-7A69-49A8-9A13-6AB193A1A204}.Release|Any CPU.Build.0 = Release|Any CPU
	EndGlobalSection
	GlobalSection(SolutionProperties) = preSolution
		HideSolutionNode = FALSE
	EndGlobalSection
	GlobalSection(ExtensibilityGlobals) = postSolution
		SolutionGuid = {6BC85589-D08D-4644-8AE4-5F89CDC52CB0}
	EndGlobalSection
EndGlobal
