
Microsoft Visual Studio Solution File, Format Version 12.00
# Visual Studio Version 17
VisualStudioVersion = 17.3.32825.248
MinimumVisualStudioVersion = 10.0.40219.1
Project("{FAE04EC0-301F-11D3-BF4B-00C04F79EFBC}") = "Exercico9", "Exercico9\Exercico9.csproj", "{EEBDEB35-25C0-48BC-8B35-E5FC666BF709}"
EndProject
Global
	GlobalSection(SolutionConfigurationPlatforms) = preSolution
		Debug|Any CPU = Debug|Any CPU
		Release|Any CPU = Release|Any CPU
	EndGlobalSection
	GlobalSection(ProjectConfigurationPlatforms) = postSolution
		{EEBDEB35-25C0-48BC-8B35-E5FC666BF709}.Debug|Any CPU.ActiveCfg = Debug|Any CPU
		{EEBDEB35-25C0-48BC-8B35-E5FC666BF709}.Debug|Any CPU.Build.0 = Debug|Any CPU
		{EEBDEB35-25C0-48BC-8B35-E5FC666BF709}.Release|Any CPU.ActiveCfg = Release|Any CPU
		{EEBDEB35-25C0-48BC-8B35-E5FC666BF709}.Release|Any CPU.Build.0 = Release|Any CPU
	EndGlobalSection
	GlobalSection(SolutionProperties) = preSolution
		HideSolutionNode = FALSE
	EndGlobalSection
	GlobalSection(ExtensibilityGlobals) = postSolution
		SolutionGuid = {1E604CC6-08E7-4235-ACC9-6AE642E46199}
	EndGlobalSection
EndGlobal
